// !$*UTF8*$!
{
	archiveVersion = 1;
	classes = {
	};
	objectVersion = 77;
	objects = {

/* Begin PBXContainerItemProxy section */
		C9C573392CB9A8A200998A5D /* PBXContainerItemProxy */ = {
			isa = PBXContainerItemProxy;
			containerPortal = C9C573202CB9A8A000998A5D /* Project object */;
			proxyType = 1;
			remoteGlobalIDString = C9C573272CB9A8A000998A5D;
			remoteInfo = TagPix;
		};
		C9C573432CB9A8A200998A5D /* PBXContainerItemProxy */ = {
			isa = PBXContainerItemProxy;
			containerPortal = C9C573202CB9A8A000998A5D /* Project object */;
			proxyType = 1;
			remoteGlobalIDString = C9C573272CB9A8A000998A5D;
			remoteInfo = TagPix;
		};
/* End PBXContainerItemProxy section */

/* Begin PBXFileReference section */
		C9C573282CB9A8A000998A5D /* TagPix.app */ = {isa = PBXFileReference; explicitFileType = wrapper.application; includeInIndex = 0; path = TagPix.app; sourceTree = BUILT_PRODUCTS_DIR; };
		C9C573382CB9A8A200998A5D /* TagPixTests.xctest */ = {isa = PBXFileReference; explicitFileType = wrapper.cfbundle; includeInIndex = 0; path = TagPixTests.xctest; sourceTree = BUILT_PRODUCTS_DIR; };
		C9C573422CB9A8A200998A5D /* TagPixUITests.xctest */ = {isa = PBXFileReference; explicitFileType = wrapper.cfbundle; includeInIndex = 0; path = TagPixUITests.xctest; sourceTree = BUILT_PRODUCTS_DIR; };
/* End PBXFileReference section */

/* Begin PBXFileSystemSynchronizedBuildFileExceptionSet section */
		C9C573BA2CBB273F00998A5D /* Exceptions for "TagPix" folder in "TagPix" target */ = {
			isa = PBXFileSystemSynchronizedBuildFileExceptionSet;
			membershipExceptions = (
				Info.plist,
			);
			target = C9C573272CB9A8A000998A5D /* TagPix */;
		};
/* End PBXFileSystemSynchronizedBuildFileExceptionSet section */

/* Begin PBXFileSystemSynchronizedRootGroup section */
		C9C5732A2CB9A8A000998A5D /* TagPix */ = {
			isa = PBXFileSystemSynchronizedRootGroup;
			exceptions = (
				C9C573BA2CBB273F00998A5D /* Exceptions for "TagPix" folder in "TagPix" target */,
			);
			path = TagPix;
			sourceTree = "<group>";
		};
		C9C5733B2CB9A8A200998A5D /* TagPixTests */ = {
			isa = PBXFileSystemSynchronizedRootGroup;
			path = TagPixTests;
			sourceTree = "<group>";
		};
		C9C573452CB9A8A200998A5D /* TagPixUITests */ = {
			isa = PBXFileSystemSynchronizedRootGroup;
			path = TagPixUITests;
			sourceTree = "<group>";
		};
/* End PBXFileSystemSynchronizedRootGroup section */

/* Begin PBXFrameworksBuildPhase section */
		C9C573252CB9A8A000998A5D /* Frameworks */ = {
			isa = PBXFrameworksBuildPhase;
			buildActionMask = 2147483647;
			files = (
			);
			runOnlyForDeploymentPostprocessing = 0;
		};
		C9C573352CB9A8A200998A5D /* Frameworks */ = {
			isa = PBXFrameworksBuildPhase;
			buildActionMask = 2147483647;
			files = (
			);
			runOnlyForDeploymentPostprocessing = 0;
		};
		C9C5733F2CB9A8A200998A5D /* Frameworks */ = {
			isa = PBXFrameworksBuildPhase;
			buildActionMask = 2147483647;
			files = (
			);
			runOnlyForDeploymentPostprocessing = 0;
		};
/* End PBXFrameworksBuildPhase section */

/* Begin PBXGroup section */
		C9C5731F2CB9A8A000998A5D = {
			isa = PBXGroup;
			children = (
				C9C5732A2CB9A8A000998A5D /* TagPix */,
				C9C5733B2CB9A8A200998A5D /* TagPixTests */,
				C9C573452CB9A8A200998A5D /* TagPixUITests */,
				C9C573292CB9A8A000998A5D /* Products */,
			);
			sourceTree = "<group>";
		};
		C9C573292CB9A8A000998A5D /* Products */ = {
			isa = PBXGroup;
			children = (
				C9C573282CB9A8A000998A5D /* TagPix.app */,
				C9C573382CB9A8A200998A5D /* TagPixTests.xctest */,
				C9C573422CB9A8A200998A5D /* TagPixUITests.xctest */,
			);
			name = Products;
			sourceTree = "<group>";
		};
/* End PBXGroup section */

/* Begin PBXNativeTarget section */
		C9C573272CB9A8A000998A5D /* TagPix */ = {
			isa = PBXNativeTarget;
			buildConfigurationList = C9C5734C2CB9A8A200998A5D /* Build configuration list for PBXNativeTarget "TagPix" */;
			buildPhases = (
				C9C573242CB9A8A000998A5D /* Sources */,
				C9C573252CB9A8A000998A5D /* Frameworks */,
				C9C573262CB9A8A000998A5D /* Resources */,
			);
			buildRules = (
			);
			dependencies = (
			);
			fileSystemSynchronizedGroups = (
				C9C5732A2CB9A8A000998A5D /* TagPix */,
			);
			name = TagPix;
			packageProductDependencies = (
			);
			productName = TagPix;
			productReference = C9C573282CB9A8A000998A5D /* TagPix.app */;
			productType = "com.apple.product-type.application";
		};
		C9C573372CB9A8A200998A5D /* TagPixTests */ = {
			isa = PBXNativeTarget;
			buildConfigurationList = C9C5734F2CB9A8A200998A5D /* Build configuration list for PBXNativeTarget "TagPixTests" */;
			buildPhases = (
				C9C573342CB9A8A200998A5D /* Sources */,
				C9C573352CB9A8A200998A5D /* Frameworks */,
				C9C573362CB9A8A200998A5D /* Resources */,
			);
			buildRules = (
			);
			dependencies = (
				C9C5733A2CB9A8A200998A5D /* PBXTargetDependency */,
			);
			fileSystemSynchronizedGroups = (
				C9C5733B2CB9A8A200998A5D /* TagPixTests */,
			);
			name = TagPixTests;
			packageProductDependencies = (
			);
			productName = TagPixTests;
			productReference = C9C573382CB9A8A200998A5D /* TagPixTests.xctest */;
			productType = "com.apple.product-type.bundle.unit-test";
		};
		C9C573412CB9A8A200998A5D /* TagPixUITests */ = {
			isa = PBXNativeTarget;
			buildConfigurationList = C9C573522CB9A8A200998A5D /* Build configuration list for PBXNativeTarget "TagPixUITests" */;
			buildPhases = (
				C9C5733E2CB9A8A200998A5D /* Sources */,
				C9C5733F2CB9A8A200998A5D /* Frameworks */,
				C9C573402CB9A8A200998A5D /* Resources */,
			);
			buildRules = (
			);
			dependencies = (
				C9C573442CB9A8A200998A5D /* PBXTargetDependency */,
			);
			fileSystemSynchronizedGroups = (
				C9C573452CB9A8A200998A5D /* TagPixUITests */,
			);
			name = TagPixUITests;
			packageProductDependencies = (
			);
			productName = TagPixUITests;
			productReference = C9C573422CB9A8A200998A5D /* TagPixUITests.xctest */;
			productType = "com.apple.product-type.bundle.ui-testing";
		};
/* End PBXNativeTarget section */

/* Begin PBXProject section */
		C9C573202CB9A8A000998A5D /* Project object */ = {
			isa = PBXProject;
			attributes = {
				BuildIndependentTargetsInParallel = 1;
				LastSwiftUpdateCheck = 1600;
				LastUpgradeCheck = 1600;
				TargetAttributes = {
					C9C573272CB9A8A000998A5D = {
						CreatedOnToolsVersion = 16.0;
					};
					C9C573372CB9A8A200998A5D = {
						CreatedOnToolsVersion = 16.0;
						TestTargetID = C9C573272CB9A8A000998A5D;
					};
					C9C573412CB9A8A200998A5D = {
						CreatedOnToolsVersion = 16.0;
						TestTargetID = C9C573272CB9A8A000998A5D;
					};
				};
			};
			buildConfigurationList = C9C573232CB9A8A000998A5D /* Build configuration list for PBXProject "TagPix" */;
			developmentRegion = en;
			hasScannedForEncodings = 0;
			knownRegions = (
				en,
				Base,
			);
			mainGroup = C9C5731F2CB9A8A000998A5D;
			minimizedProjectReferenceProxies = 1;
			preferredProjectObjectVersion = 77;
			productRefGroup = C9C573292CB9A8A000998A5D /* Products */;
			projectDirPath = "";
			projectRoot = "";
			targets = (
				C9C573272CB9A8A000998A5D /* TagPix */,
				C9C573372CB9A8A200998A5D /* TagPixTests */,
				C9C573412CB9A8A200998A5D /* TagPixUITests */,
			);
		};
/* End PBXProject section */

/* Begin PBXResourcesBuildPhase section */
		C9C573262CB9A8A000998A5D /* Resources */ = {
			isa = PBXResourcesBuildPhase;
			buildActionMask = 2147483647;
			files = (
			);
			runOnlyForDeploymentPostprocessing = 0;
		};
		C9C573362CB9A8A200998A5D /* Resources */ = {
			isa = PBXResourcesBuildPhase;
			buildActionMask = 2147483647;
			files = (
			);
			runOnlyForDeploymentPostprocessing = 0;
		};
		C9C573402CB9A8A200998A5D /* Resources */ = {
			isa = PBXResourcesBuildPhase;
			buildActionMask = 2147483647;
			files = (
			);
			runOnlyForDeploymentPostprocessing = 0;
		};
/* End PBXResourcesBuildPhase section */

/* Begin PBXSourcesBuildPhase section */
		C9C573242CB9A8A000998A5D /* Sources */ = {
			isa = PBXSourcesBuildPhase;
			buildActionMask = 2147483647;
			files = (
			);
			runOnlyForDeploymentPostprocessing = 0;
		};
		C9C573342CB9A8A200998A5D /* Sources */ = {
			isa = PBXSourcesBuildPhase;
			buildActionMask = 2147483647;
			files = (
			);
			runOnlyForDeploymentPostprocessing = 0;
		};
		C9C5733E2CB9A8A200998A5D /* Sources */ = {
			isa = PBXSourcesBuildPhase;
			buildActionMask = 2147483647;
			files = (
			);
			runOnlyForDeploymentPostprocessing = 0;
		};
/* End PBXSourcesBuildPhase section */

/* Begin PBXTargetDependency section */
		C9C5733A2CB9A8A200998A5D /* PBXTargetDependency */ = {
			isa = PBXTargetDependency;
			target = C9C573272CB9A8A000998A5D /* TagPix */;
			targetProxy = C9C573392CB9A8A200998A5D /* PBXContainerItemProxy */;
		};
		C9C573442CB9A8A200998A5D /* PBXTargetDependency */ = {
			isa = PBXTargetDependency;
			target = C9C573272CB9A8A000998A5D /* TagPix */;
			targetProxy = C9C573432CB9A8A200998A5D /* PBXContainerItemProxy */;
		};
/* End PBXTargetDependency section */

/* Begin XCBuildConfiguration section */
		C9C5734A2CB9A8A200998A5D /* Debug */ = {
			isa = XCBuildConfiguration;
			buildSettings = {
				ALWAYS_SEARCH_USER_PATHS = NO;
				ASSETCATALOG_COMPILER_GENERATE_SWIFT_ASSET_SYMBOL_EXTENSIONS = YES;
				CLANG_ANALYZER_NONNULL = YES;
				CLANG_ANALYZER_NUMBER_OBJECT_CONVERSION = YES_AGGRESSIVE;
				CLANG_CXX_LANGUAGE_STANDARD = "gnu++20";
				CLANG_ENABLE_MODULES = YES;
				CLANG_ENABLE_OBJC_ARC = YES;
				CLANG_ENABLE_OBJC_WEAK = YES;
				CLANG_WARN_BLOCK_CAPTURE_AUTORELEASING = YES;
				CLANG_WARN_BOOL_CONVERSION = YES;
				CLANG_WARN_COMMA = YES;
				CLANG_WARN_CONSTANT_CONVERSION = YES;
				CLANG_WARN_DEPRECATED_OBJC_IMPLEMENTATIONS = YES;
				CLANG_WARN_DIRECT_OBJC_ISA_USAGE = YES_ERROR;
				CLANG_WARN_DOCUMENTATION_COMMENTS = YES;
				CLANG_WARN_EMPTY_BODY = YES;
				CLANG_WARN_ENUM_CONVERSION = YES;
				CLANG_WARN_INFINITE_RECURSION = YES;
				CLANG_WARN_INT_CONVERSION = YES;
				CLANG_WARN_NON_LITERAL_NULL_CONVERSION = YES;
				CLANG_WARN_OBJC_IMPLICIT_RETAIN_SELF = YES;
				CLANG_WARN_OBJC_LITERAL_CONVERSION = YES;
				CLANG_WARN_OBJC_ROOT_CLASS = YES_ERROR;
				CLANG_WARN_QUOTED_INCLUDE_IN_FRAMEWORK_HEADER = YES;
				CLANG_WARN_RANGE_LOOP_ANALYSIS = YES;
				CLANG_WARN_STRICT_PROTOTYPES = YES;
				CLANG_WARN_SUSPICIOUS_MOVE = YES;
				CLANG_WARN_UNGUARDED_AVAILABILITY = YES_AGGRESSIVE;
				CLANG_WARN_UNREACHABLE_CODE = YES;
				CLANG_WARN__DUPLICATE_METHOD_MATCH = YES;
				COPY_PHASE_STRIP = NO;
				DEBUG_INFORMATION_FORMAT = dwarf;
				ENABLE_STRICT_OBJC_MSGSEND = YES;
				ENABLE_TESTABILITY = YES;
				ENABLE_USER_SCRIPT_SANDBOXING = YES;
				GCC_C_LANGUAGE_STANDARD = gnu17;
				GCC_DYNAMIC_NO_PIC = NO;
				GCC_NO_COMMON_BLOCKS = YES;
				GCC_OPTIMIZATION_LEVEL = 0;
				GCC_PREPROCESSOR_DEFINITIONS = (
					"DEBUG=1",
					"$(inherited)",
				);
				GCC_WARN_64_TO_32_BIT_CONVERSION = YES;
				GCC_WARN_ABOUT_RETURN_TYPE = YES_ERROR;
				GCC_WARN_UNDECLARED_SELECTOR = YES;
				GCC_WARN_UNINITIALIZED_AUTOS = YES_AGGRESSIVE;
				GCC_WARN_UNUSED_FUNCTION = YES;
				GCC_WARN_UNUSED_VARIABLE = YES;
				IPHONEOS_DEPLOYMENT_TARGET = 18.0;
				LOCALIZATION_PREFERS_STRING_CATALOGS = YES;
				MTL_ENABLE_DEBUG_INFO = INCLUDE_SOURCE;
				MTL_FAST_MATH = YES;
				ONLY_ACTIVE_ARCH = YES;
				SDKROOT = iphoneos;
				SWIFT_ACTIVE_COMPILATION_CONDITIONS = "DEBUG $(inherited)";
				SWIFT_OPTIMIZATION_LEVEL = "-Onone";
			};
			name = Debug;
		};
		C9C5734B2CB9A8A200998A5D /* Release */ = {
			isa = XCBuildConfiguration;
			buildSettings = {
				ALWAYS_SEARCH_USER_PATHS = NO;
				ASSETCATALOG_COMPILER_GENERATE_SWIFT_ASSET_SYMBOL_EXTENSIONS = YES;
				CLANG_ANALYZER_NONNULL = YES;
				CLANG_ANALYZER_NUMBER_OBJECT_CONVERSION = YES_AGGRESSIVE;
				CLANG_CXX_LANGUAGE_STANDARD = "gnu++20";
				CLANG_ENABLE_MODULES = YES;
				CLANG_ENABLE_OBJC_ARC = YES;
				CLANG_ENABLE_OBJC_WEAK = YES;
				CLANG_WARN_BLOCK_CAPTURE_AUTORELEASING = YES;
				CLANG_WARN_BOOL_CONVERSION = YES;
				CLANG_WARN_COMMA = YES;
				CLANG_WARN_CONSTANT_CONVERSION = YES;
				CLANG_WARN_DEPRECATED_OBJC_IMPLEMENTATIONS = YES;
				CLANG_WARN_DIRECT_OBJC_ISA_USAGE = YES_ERROR;
				CLANG_WARN_DOCUMENTATION_COMMENTS = YES;
				CLANG_WARN_EMPTY_BODY = YES;
				CLANG_WARN_ENUM_CONVERSION = YES;
				CLANG_WARN_INFINITE_RECURSION = YES;
				CLANG_WARN_INT_CONVERSION = YES;
				CLANG_WARN_NON_LITERAL_NULL_CONVERSION = YES;
				CLANG_WARN_OBJC_IMPLICIT_RETAIN_SELF = YES;
				CLANG_WARN_OBJC_LITERAL_CONVERSION = YES;
				CLANG_WARN_OBJC_ROOT_CLASS = YES_ERROR;
				CLANG_WARN_QUOTED_INCLUDE_IN_FRAMEWORK_HEADER = YES;
				CLANG_WARN_RANGE_LOOP_ANALYSIS = YES;
				CLANG_WARN_STRICT_PROTOTYPES = YES;
				CLANG_WARN_SUSPICIOUS_MOVE = YES;
				CLANG_WARN_UNGUARDED_AVAILABILITY = YES_AGGRESSIVE;
				CLANG_WARN_UNREACHABLE_CODE = YES;
				CLANG_WARN__DUPLICATE_METHOD_MATCH = YES;
				COPY_PHASE_STRIP = NO;
				DEBUG_INFORMATION_FORMAT = "dwarf-with-dsym";
				ENABLE_NS_ASSERTIONS = NO;
				ENABLE_STRICT_OBJC_MSGSEND = YES;
				ENABLE_USER_SCRIPT_SANDBOXING = YES;
				GCC_C_LANGUAGE_STANDARD = gnu17;
				GCC_NO_COMMON_BLOCKS = YES;
				GCC_WARN_64_TO_32_BIT_CONVERSION = YES;
				GCC_WARN_ABOUT_RETURN_TYPE = YES_ERROR;
				GCC_WARN_UNDECLARED_SELECTOR = YES;
				GCC_WARN_UNINITIALIZED_AUTOS = YES_AGGRESSIVE;
				GCC_WARN_UNUSED_FUNCTION = YES;
				GCC_WARN_UNUSED_VARIABLE = YES;
				IPHONEOS_DEPLOYMENT_TARGET = 18.0;
				LOCALIZATION_PREFERS_STRING_CATALOGS = YES;
				MTL_ENABLE_DEBUG_INFO = NO;
				MTL_FAST_MATH = YES;
				SDKROOT = iphoneos;
				SWIFT_COMPILATION_MODE = wholemodule;
				VALIDATE_PRODUCT = YES;
			};
			name = Release;
		};
		C9C5734D2CB9A8A200998A5D /* Debug */ = {
			isa = XCBuildConfiguration;
			buildSettings = {
				ASSETCATALOG_COMPILER_APPICON_NAME = AppIcon;
				ASSETCATALOG_COMPILER_GLOBAL_ACCENT_COLOR_NAME = AccentColor;
				CODE_SIGN_ENTITLEMENTS = TagPix/TagPix.entitlements;
				CODE_SIGN_STYLE = Automatic;
				CURRENT_PROJECT_VERSION = 1;
				DEVELOPMENT_ASSET_PATHS = "\"TagPix/Preview Content\"";
				DEVELOPMENT_TEAM = 2JBF6L5ZVQ;
				ENABLE_PREVIEWS = YES;
				GENERATE_INFOPLIST_FILE = YES;
				INFOPLIST_FILE = TagPix/Info.plist;
				INFOPLIST_KEY_NFCReaderUsageDescription = "Write images to and read images from NFC Tags.";
				INFOPLIST_KEY_UIApplicationSceneManifest_Generation = YES;
				INFOPLIST_KEY_UIApplicationSupportsIndirectInputEvents = YES;
				INFOPLIST_KEY_UILaunchScreen_Generation = YES;
				INFOPLIST_KEY_UISupportedInterfaceOrientations = UIInterfaceOrientationPortrait;
				INFOPLIST_KEY_UISupportedInterfaceOrientations_iPad = "UIInterfaceOrientationLandscapeLeft UIInterfaceOrientationLandscapeRight UIInterfaceOrientationPortrait UIInterfaceOrientationPortraitUpsideDown";
				IPHONEOS_DEPLOYMENT_TARGET = 17.0;
				LD_RUNPATH_SEARCH_PATHS = (
					"$(inherited)",
					"@executable_path/Frameworks",
				);
				MARKETING_VERSION = 1.0;
				PRODUCT_BUNDLE_IDENTIFIER = net.bluedino.iOS.TagPix;
				PRODUCT_NAME = "$(TARGET_NAME)";
				SWIFT_EMIT_LOC_STRINGS = YES;
				SWIFT_VERSION = 5.0;
				TARGETED_DEVICE_FAMILY = "1,2";
			};
			name = Debug;
		};
		C9C5734E2CB9A8A200998A5D /* Release */ = {
			isa = XCBuildConfiguration;
			buildSettings = {
				ASSETCATALOG_COMPILER_APPICON_NAME = AppIcon;
				ASSETCATALOG_COMPILER_GLOBAL_ACCENT_COLOR_NAME = AccentColor;
				CODE_SIGN_ENTITLEMENTS = TagPix/TagPix.entitlements;
				CODE_SIGN_STYLE = Automatic;
				CURRENT_PROJECT_VERSION = 1;
				DEVELOPMENT_ASSET_PATHS = "\"TagPix/Preview Content\"";
				DEVELOPMENT_TEAM = 2JBF6L5ZVQ;
				ENABLE_PREVIEWS = YES;
				GENERATE_INFOPLIST_FILE = YES;
				INFOPLIST_FILE = TagPix/Info.plist;
				INFOPLIST_KEY_NFCReaderUsageDescription = "Write images to and read images from NFC Tags.";
				INFOPLIST_KEY_UIApplicationSceneManifest_Generation = YES;
				INFOPLIST_KEY_UIApplicationSupportsIndirectInputEvents = YES;
				INFOPLIST_KEY_UILaunchScreen_Generation = YES;
				INFOPLIST_KEY_UISupportedInterfaceOrientations = UIInterfaceOrientationPortrait;
				INFOPLIST_KEY_UISupportedInterfaceOrientations_iPad = "UIInterfaceOrientationLandscapeLeft UIInterfaceOrientationLandscapeRight UIInterfaceOrientationPortrait UIInterfaceOrientationPortraitUpsideDown";
				IPHONEOS_DEPLOYMENT_TARGET = 17.0;
				LD_RUNPATH_SEARCH_PATHS = (
					"$(inherited)",
					"@executable_path/Frameworks",
				);
				MARKETING_VERSION = 1.0;
				PRODUCT_BUNDLE_IDENTIFIER = net.bluedino.iOS.TagPix;
				PRODUCT_NAME = "$(TARGET_NAME)";
				SWIFT_EMIT_LOC_STRINGS = YES;
				SWIFT_VERSION = 5.0;
				TARGETED_DEVICE_FAMILY = "1,2";
			};
			name = Release;
		};
		C9C573502CB9A8A200998A5D /* Debug */ = {
			isa = XCBuildConfiguration;
			buildSettings = {
				BUNDLE_LOADER = "$(TEST_HOST)";
				CODE_SIGN_STYLE = Automatic;
				CURRENT_PROJECT_VERSION = 1;
				DEVELOPMENT_TEAM = 2JBF6L5ZVQ;
				GENERATE_INFOPLIST_FILE = YES;
				IPHONEOS_DEPLOYMENT_TARGET = 18.0;
				MARKETING_VERSION = 1.0;
				PRODUCT_BUNDLE_IDENTIFIER = net.bluedino.iOS.TagPixTests;
				PRODUCT_NAME = "$(TARGET_NAME)";
				SWIFT_EMIT_LOC_STRINGS = NO;
				SWIFT_VERSION = 5.0;
				TARGETED_DEVICE_FAMILY = "1,2";
				TEST_HOST = "$(BUILT_PRODUCTS_DIR)/TagPix.app/$(BUNDLE_EXECUTABLE_FOLDER_PATH)/TagPix";
			};
			name = Debug;
		};
		C9C573512CB9A8A200998A5D /* Release */ = {
			isa = XCBuildConfiguration;
			buildSettings = {
				BUNDLE_LOADER = "$(TEST_HOST)";
				CODE_SIGN_STYLE = Automatic;
				CURRENT_PROJECT_VERSION = 1;
				DEVELOPMENT_TEAM = 2JBF6L5ZVQ;
				GENERATE_INFOPLIST_FILE = YES;
				IPHONEOS_DEPLOYMENT_TARGET = 18.0;
				MARKETING_VERSION = 1.0;
				PRODUCT_BUNDLE_IDENTIFIER = net.bluedino.iOS.TagPixTests;
				PRODUCT_NAME = "$(TARGET_NAME)";
				SWIFT_EMIT_LOC_STRINGS = NO;
				SWIFT_VERSION = 5.0;
				TARGETED_DEVICE_FAMILY = "1,2";
				TEST_HOST = "$(BUILT_PRODUCTS_DIR)/TagPix.app/$(BUNDLE_EXECUTABLE_FOLDER_PATH)/TagPix";
			};
			name = Release;
		};
		C9C573532CB9A8A200998A5D /* Debug */ = {
			isa = XCBuildConfiguration;
			buildSettings = {
				CODE_SIGN_STYLE = Automatic;
				CURRENT_PROJECT_VERSION = 1;
				DEVELOPMENT_TEAM = 2JBF6L5ZVQ;
				GENERATE_INFOPLIST_FILE = YES;
				MARKETING_VERSION = 1.0;
				PRODUCT_BUNDLE_IDENTIFIER = net.bluedino.iOS.TagPixUITests;
				PRODUCT_NAME = "$(TARGET_NAME)";
				SWIFT_EMIT_LOC_STRINGS = NO;
				SWIFT_VERSION = 5.0;
				TARGETED_DEVICE_FAMILY = "1,2";
				TEST_TARGET_NAME = TagPix;
			};
			name = Debug;
		};
		C9C573542CB9A8A200998A5D /* Release */ = {
			isa = XCBuildConfiguration;
			buildSettings = {
				CODE_SIGN_STYLE = Automatic;
				CURRENT_PROJECT_VERSION = 1;
				DEVELOPMENT_TEAM = 2JBF6L5ZVQ;
				GENERATE_INFOPLIST_FILE = YES;
				MARKETING_VERSION = 1.0;
				PRODUCT_BUNDLE_IDENTIFIER = net.bluedino.iOS.TagPixUITests;
				PRODUCT_NAME = "$(TARGET_NAME)";
				SWIFT_EMIT_LOC_STRINGS = NO;
				SWIFT_VERSION = 5.0;
				TARGETED_DEVICE_FAMILY = "1,2";
				TEST_TARGET_NAME = TagPix;
			};
			name = Release;
		};
/* End XCBuildConfiguration section */

/* Begin XCConfigurationList section */
		C9C573232CB9A8A000998A5D /* Build configuration list for PBXProject "TagPix" */ = {
			isa = XCConfigurationList;
			buildConfigurations = (
				C9C5734A2CB9A8A200998A5D /* Debug */,
				C9C5734B2CB9A8A200998A5D /* Release */,
			);
			defaultConfigurationIsVisible = 0;
			defaultConfigurationName = Release;
		};
		C9C5734C2CB9A8A200998A5D /* Build configuration list for PBXNativeTarget "TagPix" */ = {
			isa = XCConfigurationList;
			buildConfigurations = (
				C9C5734D2CB9A8A200998A5D /* Debug */,
				C9C5734E2CB9A8A200998A5D /* Release */,
			);
			defaultConfigurationIsVisible = 0;
			defaultConfigurationName = Release;
		};
		C9C5734F2CB9A8A200998A5D /* Build configuration list for PBXNativeTarget "TagPixTests" */ = {
			isa = XCConfigurationList;
			buildConfigurations = (
				C9C573502CB9A8A200998A5D /* Debug */,
				C9C573512CB9A8A200998A5D /* Release */,
			);
			defaultConfigurationIsVisible = 0;
			defaultConfigurationName = Release;
		};
		C9C573522CB9A8A200998A5D /* Build configuration list for PBXNativeTarget "TagPixUITests" */ = {
			isa = XCConfigurationList;
			buildConfigurations = (
				C9C573532CB9A8A200998A5D /* Debug */,
				C9C573542CB9A8A200998A5D /* Release */,
			);
			defaultConfigurationIsVisible = 0;
			defaultConfigurationName = Release;
		};
/* End XCConfigurationList section */
	};
	rootObject = C9C573202CB9A8A000998A5D /* Project object */;
}
